
Microsoft Visual Studio Solution File, Format Version 12.00
# Visual Studio Version 17
VisualStudioVersion = 17.2.32616.157
MinimumVisualStudioVersion = 10.0.40219.1
Project("{9A19103F-16F7-4668-BE54-9A1E7A4F7556}") = "OzemstvoConsole", "OzemstvoConsole\OzemstvoConsole.csproj", "{75546D5E-B5C9-453A-845E-73500B89022A}"
EndProject
Project("{54435603-DBB4-11D2-8724-00A0C9A8B90C}") = "OzemstvoSetup", "OzemstvoSetup\OzemstvoSetup.vdproj", "{8584CEF3-1155-4E2C-8CC9-101B0F785DA6}"
EndProject
Project("{9A19103F-16F7-4668-BE54-9A1E7A4F7556}") = "OzemstvoWindowsForm", "OzemstvoWindowsForm\OzemstvoWindowsForm.csproj", "{0F2A255F-43F8-4038-8600-B50F2954A54F}"
	ProjectSection(ProjectDependencies) = postProject
		{75546D5E-B5C9-453A-845E-73500B89022A} = {75546D5E-B5C9-453A-845E-73500B89022A}
	EndProjectSection
EndProject
Project("{FAE04EC0-301F-11D3-BF4B-00C04F79EFBC}") = "OzemstvoWPF", "OzemstvoWPF\OzemstvoWPF.csproj", "{B7330498-AC5B-46EE-9FAB-0BCB61BCE45B}"
EndProject
Global
	GlobalSection(SolutionConfigurationPlatforms) = preSolution
		Debug|Any CPU = Debug|Any CPU
		Debug|ARM64 = Debug|ARM64
		Debug|x64 = Debug|x64
		Debug|x86 = Debug|x86
		Release|Any CPU = Release|Any CPU
		Release|ARM64 = Release|ARM64
		Release|x64 = Release|x64
		Release|x86 = Release|x86
	EndGlobalSection
	GlobalSection(ProjectConfigurationPlatforms) = postSolution
		{75546D5E-B5C9-453A-845E-73500B89022A}.Debug|Any CPU.ActiveCfg = Release|Any CPU
		{75546D5E-B5C9-453A-845E-73500B89022A}.Debug|Any CPU.Build.0 = Release|Any CPU
		{75546D5E-B5C9-453A-845E-73500B89022A}.Debug|ARM64.ActiveCfg = Debug|Any CPU
		{75546D5E-B5C9-453A-845E-73500B89022A}.Debug|ARM64.Build.0 = Debug|Any CPU
		{75546D5E-B5C9-453A-845E-73500B89022A}.Debug|x64.ActiveCfg = Debug|Any CPU
		{75546D5E-B5C9-453A-845E-73500B89022A}.Debug|x64.Build.0 = Debug|Any CPU
		{75546D5E-B5C9-453A-845E-73500B89022A}.Debug|x86.ActiveCfg = Debug|Any CPU
		{75546D5E-B5C9-453A-845E-73500B89022A}.Debug|x86.Build.0 = Debug|Any CPU
		{75546D5E-B5C9-453A-845E-73500B89022A}.Release|Any CPU.ActiveCfg = Release|Any CPU
		{75546D5E-B5C9-453A-845E-73500B89022A}.Release|Any CPU.Build.0 = Release|Any CPU
		{75546D5E-B5C9-453A-845E-73500B89022A}.Release|ARM64.ActiveCfg = Release|Any CPU
		{75546D5E-B5C9-453A-845E-73500B89022A}.Release|ARM64.Build.0 = Release|Any CPU
		{75546D5E-B5C9-453A-845E-73500B89022A}.Release|x64.ActiveCfg = Release|Any CPU
		{75546D5E-B5C9-453A-845E-73500B89022A}.Release|x64.Build.0 = Release|Any CPU
		{75546D5E-B5C9-453A-845E-73500B89022A}.Release|x86.ActiveCfg = Release|Any CPU
		{75546D5E-B5C9-453A-845E-73500B89022A}.Release|x86.Build.0 = Release|Any CPU
		{8584CEF3-1155-4E2C-8CC9-101B0F785DA6}.Debug|Any CPU.ActiveCfg = Release
		{8584CEF3-1155-4E2C-8CC9-101B0F785DA6}.Debug|ARM64.ActiveCfg = Debug
		{8584CEF3-1155-4E2C-8CC9-101B0F785DA6}.Debug|ARM64.Build.0 = Debug
		{8584CEF3-1155-4E2C-8CC9-101B0F785DA6}.Debug|x64.ActiveCfg = Debug
		{8584CEF3-1155-4E2C-8CC9-101B0F785DA6}.Debug|x64.Build.0 = Debug
		{8584CEF3-1155-4E2C-8CC9-101B0F785DA6}.Debug|x86.ActiveCfg = Debug
		{8584CEF3-1155-4E2C-8CC9-101B0F785DA6}.Debug|x86.Build.0 = Debug
		{8584CEF3-1155-4E2C-8CC9-101B0F785DA6}.Release|Any CPU.ActiveCfg = Release
		{8584CEF3-1155-4E2C-8CC9-101B0F785DA6}.Release|ARM64.ActiveCfg = Release
		{8584CEF3-1155-4E2C-8CC9-101B0F785DA6}.Release|ARM64.Build.0 = Release
		{8584CEF3-1155-4E2C-8CC9-101B0F785DA6}.Release|x64.ActiveCfg = Release
		{8584CEF3-1155-4E2C-8CC9-101B0F785DA6}.Release|x64.Build.0 = Release
		{8584CEF3-1155-4E2C-8CC9-101B0F785DA6}.Release|x86.ActiveCfg = Release
		{8584CEF3-1155-4E2C-8CC9-101B0F785DA6}.Release|x86.Build.0 = Release
		{0F2A255F-43F8-4038-8600-B50F2954A54F}.Debug|Any CPU.ActiveCfg = Debug|Any CPU
		{0F2A255F-43F8-4038-8600-B50F2954A54F}.Debug|Any CPU.Build.0 = Debug|Any CPU
		{0F2A255F-43F8-4038-8600-B50F2954A54F}.Debug|ARM64.ActiveCfg = Debug|Any CPU
		{0F2A255F-43F8-4038-8600-B50F2954A54F}.Debug|ARM64.Build.0 = Debug|Any CPU
		{0F2A255F-43F8-4038-8600-B50F2954A54F}.Debug|x64.ActiveCfg = Debug|Any CPU
		{0F2A255F-43F8-4038-8600-B50F2954A54F}.Debug|x64.Build.0 = Debug|Any CPU
		{0F2A255F-43F8-4038-8600-B50F2954A54F}.Debug|x86.ActiveCfg = Debug|Any CPU
		{0F2A255F-43F8-4038-8600-B50F2954A54F}.Debug|x86.Build.0 = Debug|Any CPU
		{0F2A255F-43F8-4038-8600-B50F2954A54F}.Release|Any CPU.ActiveCfg = Release|Any CPU
		{0F2A255F-43F8-4038-8600-B50F2954A54F}.Release|Any CPU.Build.0 = Release|Any CPU
		{0F2A255F-43F8-4038-8600-B50F2954A54F}.Release|ARM64.ActiveCfg = Release|Any CPU
		{0F2A255F-43F8-4038-8600-B50F2954A54F}.Release|ARM64.Build.0 = Release|Any CPU
		{0F2A255F-43F8-4038-8600-B50F2954A54F}.Release|x64.ActiveCfg = Release|Any CPU
		{0F2A255F-43F8-4038-8600-B50F2954A54F}.Release|x64.Build.0 = Release|Any CPU
		{0F2A255F-43F8-4038-8600-B50F2954A54F}.Release|x86.ActiveCfg = Release|Any CPU
		{0F2A255F-43F8-4038-8600-B50F2954A54F}.Release|x86.Build.0 = Release|Any CPU
		{B7330498-AC5B-46EE-9FAB-0BCB61BCE45B}.Debug|Any CPU.ActiveCfg = Debug|Any CPU
		{B7330498-AC5B-46EE-9FAB-0BCB61BCE45B}.Debug|Any CPU.Build.0 = Debug|Any CPU
		{B7330498-AC5B-46EE-9FAB-0BCB61BCE45B}.Debug|ARM64.ActiveCfg = Debug|Any CPU
		{B7330498-AC5B-46EE-9FAB-0BCB61BCE45B}.Debug|ARM64.Build.0 = Debug|Any CPU
		{B7330498-AC5B-46EE-9FAB-0BCB61BCE45B}.Debug|x64.ActiveCfg = Debug|Any CPU
		{B7330498-AC5B-46EE-9FAB-0BCB61BCE45B}.Debug|x64.Build.0 = Debug|Any CPU
		{B7330498-AC5B-46EE-9FAB-0BCB61BCE45B}.Debug|x86.ActiveCfg = Debug|Any CPU
		{B7330498-AC5B-46EE-9FAB-0BCB61BCE45B}.Debug|x86.Build.0 = Debug|Any CPU
		{B7330498-AC5B-46EE-9FAB-0BCB61BCE45B}.Release|Any CPU.ActiveCfg = Release|Any CPU
		{B7330498-AC5B-46EE-9FAB-0BCB61BCE45B}.Release|Any CPU.Build.0 = Release|Any CPU
		{B7330498-AC5B-46EE-9FAB-0BCB61BCE45B}.Release|ARM64.ActiveCfg = Release|Any CPU
		{B7330498-AC5B-46EE-9FAB-0BCB61BCE45B}.Release|ARM64.Build.0 = Release|Any CPU
		{B7330498-AC5B-46EE-9FAB-0BCB61BCE45B}.Release|x64.ActiveCfg = Release|Any CPU
		{B7330498-AC5B-46EE-9FAB-0BCB61BCE45B}.Release|x64.Build.0 = Release|Any CPU
		{B7330498-AC5B-46EE-9FAB-0BCB61BCE45B}.Release|x86.ActiveCfg = Release|Any CPU
		{B7330498-AC5B-46EE-9FAB-0BCB61BCE45B}.Release|x86.Build.0 = Release|Any CPU
	EndGlobalSection
	GlobalSection(SolutionProperties) = preSolution
		HideSolutionNode = FALSE
	EndGlobalSection
	GlobalSection(ExtensibilityGlobals) = postSolution
		SolutionGuid = {FB4E1173-7587-44B0-986D-848C6E88D0C5}
	EndGlobalSection
EndGlobal
