
Microsoft Visual Studio Solution File, Format Version 12.00
# Visual Studio Version 17
VisualStudioVersion = 17.2.32616.157
MinimumVisualStudioVersion = 10.0.40219.1
Project("{FAE04EC0-301F-11D3-BF4B-00C04F79EFBC}") = "OzemstvoConsole", "OzemstvoConsole\OzemstvoConsole.csproj", "{75546D5E-B5C9-453A-845E-73500B89022A}"
EndProject
Global
	GlobalSection(SolutionConfigurationPlatforms) = preSolution
		Debug|Any CPU = Debug|Any CPU
		Release|Any CPU = Release|Any CPU
	EndGlobalSection
	GlobalSection(ProjectConfigurationPlatforms) = postSolution
		{75546D5E-B5C9-453A-845E-73500B89022A}.Debug|Any CPU.ActiveCfg = Debug|Any CPU
		{75546D5E-B5C9-453A-845E-73500B89022A}.Debug|Any CPU.Build.0 = Debug|Any CPU
		{75546D5E-B5C9-453A-845E-73500B89022A}.Release|Any CPU.ActiveCfg = Release|Any CPU
		{75546D5E-B5C9-453A-845E-73500B89022A}.Release|Any CPU.Build.0 = Release|Any CPU
	EndGlobalSection
	GlobalSection(SolutionProperties) = preSolution
		HideSolutionNode = FALSE
	EndGlobalSection
	GlobalSection(ExtensibilityGlobals) = postSolution
		SolutionGuid = {FB4E1173-7587-44B0-986D-848C6E88D0C5}
	EndGlobalSection
EndGlobal
